// !$*UTF8*$!
{
	archiveVersion = 1;
	classes = {
	};
	objectVersion = 46;
	objects = {

/* Begin PBXBuildFile section */
		AC134A971C7327FF00861023 /* main.m in Sources */ = {isa = PBXBuildFile; fileRef = AC134A961C7327FF00861023 /* main.m */; };
		AC134A9A1C7327FF00861023 /* AppDelegate.m in Sources */ = {isa = PBXBuildFile; fileRef = AC134A991C7327FF00861023 /* AppDelegate.m */; };
		AC134A9D1C7327FF00861023 /* ViewController.m in Sources */ = {isa = PBXBuildFile; fileRef = AC134A9C1C7327FF00861023 /* ViewController.m */; };
		AC134AA01C7327FF00861023 /* Main.storyboard in Resources */ = {isa = PBXBuildFile; fileRef = AC134A9E1C7327FF00861023 /* Main.storyboard */; };
		AC134AA21C7327FF00861023 /* Assets.xcassets in Resources */ = {isa = PBXBuildFile; fileRef = AC134AA11C7327FF00861023 /* Assets.xcassets */; };
		AC134AA51C7327FF00861023 /* LaunchScreen.storyboard in Resources */ = {isa = PBXBuildFile; fileRef = AC134AA31C7327FF00861023 /* LaunchScreen.storyboard */; };
/* End PBXBuildFile section */

/* Begin PBXFileReference section */
		AC134A921C7327FF00861023 /* URLEscapes.app */ = {isa = PBXFileReference; explicitFileType = wrapper.application; includeInIndex = 0; path = URLEscapes.app; sourceTree = BUILT_PRODUCTS_DIR; };
		AC134A961C7327FF00861023 /* main.m */ = {isa = PBXFileReference; lastKnownFileType = sourcecode.c.objc; path = main.m; sourceTree = "<group>"; };
		AC134A981C7327FF00861023 /* AppDelegate.h */ = {isa = PBXFileReference; lastKnownFileType = sourcecode.c.h; path = AppDelegate.h; sourceTree = "<group>"; };
		AC134A991C7327FF00861023 /* AppDelegate.m */ = {isa = PBXFileReference; lastKnownFileType = sourcecode.c.objc; path = AppDelegate.m; sourceTree = "<group>"; };
		AC134A9B1C7327FF00861023 /* ViewController.h */ = {isa = PBXFileReference; lastKnownFileType = sourcecode.c.h; path = ViewController.h; sourceTree = "<group>"; };
		AC134A9C1C7327FF00861023 /* ViewController.m */ = {isa = PBXFileReference; lastKnownFileType = sourcecode.c.objc; path = ViewController.m; sourceTree = "<group>"; };
		AC134A9F1C7327FF00861023 /* Base */ = {isa = PBXFileReference; lastKnownFileType = file.storyboard; name = Base; path = Base.lproj/Main.storyboard; sourceTree = "<group>"; };
		AC134AA11C7327FF00861023 /* Assets.xcassets */ = {isa = PBXFileReference; lastKnownFileType = folder.assetcatalog; path = Assets.xcassets; sourceTree = "<group>"; };
		AC134AA41C7327FF00861023 /* Base */ = {isa = PBXFileReference; lastKnownFileType = file.storyboard; name = Base; path = Base.lproj/LaunchScreen.storyboard; sourceTree = "<group>"; };
		AC134AA61C7327FF00861023 /* Info.plist */ = {isa = PBXFileReference; lastKnownFileType = text.plist.xml; path = Info.plist; sourceTree = "<group>"; };
/* End PBXFileReference section */

/* Begin PBXFrameworksBuildPhase section */
		AC134A8F1C7327FF00861023 /* Frameworks */ = {
			isa = PBXFrameworksBuildPhase;
			buildActionMask = 2147483647;
			files = (
			);
			runOnlyForDeploymentPostprocessing = 0;
		};
/* End PBXFrameworksBuildPhase section */

/* Begin PBXGroup section */
		AC134A891C7327FF00861023 = {
			isa = PBXGroup;
			children = (
				AC134A941C7327FF00861023 /* URLEscapes */,
				AC134A931C7327FF00861023 /* Products */,
			);
			sourceTree = "<group>";
		};
		AC134A931C7327FF00861023 /* Products */ = {
			isa = PBXGroup;
			children = (
				AC134A921C7327FF00861023 /* URLEscapes.app */,
			);
			name = Products;
			sourceTree = "<group>";
		};
		AC134A941C7327FF00861023 /* URLEscapes */ = {
			isa = PBXGroup;
			children = (
				AC134A981C7327FF00861023 /* AppDelegate.h */,
				AC134A991C7327FF00861023 /* AppDelegate.m */,
				AC134A9B1C7327FF00861023 /* ViewController.h */,
				AC134A9C1C7327FF00861023 /* ViewController.m */,
				AC134A9E1C7327FF00861023 /* Main.storyboard */,
				AC134AA11C7327FF00861023 /* Assets.xcassets */,
				AC134AA31C7327FF00861023 /* LaunchScreen.storyboard */,
				AC134AA61C7327FF00861023 /* Info.plist */,
				AC134A951C7327FF00861023 /* Supporting Files */,
			);
			path = URLEscapes;
			sourceTree = "<group>";
		};
		AC134A951C7327FF00861023 /* Supporting Files */ = {
			isa = PBXGroup;
			children = (
				AC134A961C7327FF00861023 /* main.m */,
			);
			name = "Supporting Files";
			sourceTree = "<group>";
		};
/* End PBXGroup section */

/* Begin PBXNativeTarget section */
		AC134A911C7327FF00861023 /* URLEscapes */ = {
			isa = PBXNativeTarget;
			buildConfigurationList = AC134AA91C7327FF00861023 /* Build configuration list for PBXNativeTarget "URLEscapes" */;
			buildPhases = (
				AC134A8E1C7327FF00861023 /* Sources */,
				AC134A8F1C7327FF00861023 /* Frameworks */,
				AC134A901C7327FF00861023 /* Resources */,
			);
			buildRules = (
			);
			dependencies = (
			);
			name = URLEscapes;
			productName = URLEscapes;
			productReference = AC134A921C7327FF00861023 /* URLEscapes.app */;
			productType = "com.apple.product-type.application";
		};
/* End PBXNativeTarget section */

/* Begin PBXProject section */
		AC134A8A1C7327FF00861023 /* Project object */ = {
			isa = PBXProject;
			attributes = {
				LastUpgradeCheck = 0720;
				ORGANIZATIONNAME = BlocksStudio;
				TargetAttributes = {
					AC134A911C7327FF00861023 = {
						CreatedOnToolsVersion = 7.2;
					};
				};
			};
			buildConfigurationList = AC134A8D1C7327FF00861023 /* Build configuration list for PBXProject "URLEscapes" */;
			compatibilityVersion = "Xcode 3.2";
			developmentRegion = English;
			hasScannedForEncodings = 0;
			knownRegions = (
				en,
				Base,
			);
			mainGroup = AC134A891C7327FF00861023;
			productRefGroup = AC134A931C7327FF00861023 /* Products */;
			projectDirPath = "";
			projectRoot = "";
			targets = (
				AC134A911C7327FF00861023 /* URLEscapes */,
			);
		};
/* End PBXProject section */

/* Begin PBXResourcesBuildPhase section */
		AC134A901C7327FF00861023 /* Resources */ = {
			isa = PBXResourcesBuildPhase;
			buildActionMask = 2147483647;
			files = (
				AC134AA51C7327FF00861023 /* LaunchScreen.storyboard in Resources */,
				AC134AA21C7327FF00861023 /* Assets.xcassets in Resources */,
				AC134AA01C7327FF00861023 /* Main.storyboard in Resources */,
			);
			runOnlyForDeploymentPostprocessing = 0;
		};
/* End PBXResourcesBuildPhase section */

/* Begin PBXSourcesBuildPhase section */
		AC134A8E1C7327FF00861023 /* Sources */ = {
			isa = PBXSourcesBuildPhase;
			buildActionMask = 2147483647;
			files = (
				AC134A9D1C7327FF00861023 /* ViewController.m in Sources */,
				AC134A9A1C7327FF00861023 /* AppDelegate.m in Sources */,
				AC134A971C7327FF00861023 /* main.m in Sources */,
			);
			runOnlyForDeploymentPostprocessing = 0;
		};
/* End PBXSourcesBuildPhase section */

/* Begin PBXVariantGroup section */
		AC134A9E1C7327FF00861023 /* Main.storyboard */ = {
			isa = PBXVariantGroup;
			children = (
				AC134A9F1C7327FF00861023 /* Base */,
			);
			name = Main.storyboard;
			sourceTree = "<group>";
		};
		AC134AA31C7327FF00861023 /* LaunchScreen.storyboard */ = {
			isa = PBXVariantGroup;
			children = (
				AC134AA41C7327FF00861023 /* Base */,
			);
			name = LaunchScreen.storyboard;
			sourceTree = "<group>";
		};
/* End PBXVariantGroup section */

/* Begin XCBuildConfiguration section */
		AC134AA71C7327FF00861023 /* Debug */ = {
			isa = XCBuildConfiguration;
			buildSettings = {
				ALWAYS_SEARCH_USER_PATHS = NO;
				CLANG_CXX_LANGUAGE_STANDARD = "gnu++0x";
				CLANG_CXX_LIBRARY = "libc++";
				CLANG_ENABLE_MODULES = YES;
				CLANG_ENABLE_OBJC_ARC = YES;
				CLANG_WARN_BOOL_CONVERSION = YES;
				CLANG_WARN_CONSTANT_CONVERSION = YES;
				CLANG_WARN_DIRECT_OBJC_ISA_USAGE = YES_ERROR;
				CLANG_WARN_EMPTY_BODY = YES;
				CLANG_WARN_ENUM_CONVERSION = YES;
				CLANG_WARN_INT_CONVERSION = YES;
				CLANG_WARN_OBJC_ROOT_CLASS = YES_ERROR;
				CLANG_WARN_UNREACHABLE_CODE = YES;
				CLANG_WARN__DUPLICATE_METHOD_MATCH = YES;
				"CODE_SIGN_IDENTITY[sdk=iphoneos*]" = "iPhone Developer";
				COPY_PHASE_STRIP = NO;
				DEBUG_INFORMATION_FORMAT = dwarf;
				ENABLE_STRICT_OBJC_MSGSEND = YES;
				ENABLE_TESTABILITY = YES;
				GCC_C_LANGUAGE_STANDARD = gnu99;
				GCC_DYNAMIC_NO_PIC = NO;
				GCC_NO_COMMON_BLOCKS = YES;
				GCC_OPTIMIZATION_LEVEL = 0;
				GCC_PREPROCESSOR_DEFINITIONS = (
					"DEBUG=1",
					"$(inherited)",
				);
				GCC_WARN_64_TO_32_BIT_CONVERSION = YES;
				GCC_WARN_ABOUT_RETURN_TYPE = YES_ERROR;
				GCC_WARN_UNDECLARED_SELECTOR = YES;
				GCC_WARN_UNINITIALIZED_AUTOS = YES_AGGRESSIVE;
				GCC_WARN_UNUSED_FUNCTION = YES;
				GCC_WARN_UNUSED_VARIABLE = YES;
				IPHONEOS_DEPLOYMENT_TARGET = 9.2;
				MTL_ENABLE_DEBUG_INFO = YES;
				ONLY_ACTIVE_ARCH = YES;
				SDKROOT = iphoneos;
			};
			name = Debug;
		};
		AC134AA81C7327FF00861023 /* Release */ = {
			isa = XCBuildConfiguration;
			buildSettings = {
				ALWAYS_SEARCH_USER_PATHS = NO;
				CLANG_CXX_LANGUAGE_STANDARD = "gnu++0x";
				CLANG_CXX_LIBRARY = "libc++";
				CLANG_ENABLE_MODULES = YES;
				CLANG_ENABLE_OBJC_ARC = YES;
				CLANG_WARN_BOOL_CONVERSION = YES;
				CLANG_WARN_CONSTANT_CONVERSION = YES;
				CLANG_WARN_DIRECT_OBJC_ISA_USAGE = YES_ERROR;
				CLANG_WARN_EMPTY_BODY = YES;
				CLANG_WARN_ENUM_CONVERSION = YES;
				CLANG_WARN_INT_CONVERSION = YES;
				CLANG_WARN_OBJC_ROOT_CLASS = YES_ERROR;
				CLANG_WARN_UNREACHABLE_CODE = YES;
				CLANG_WARN__DUPLICATE_METHOD_MATCH = YES;
				"CODE_SIGN_IDENTITY[sdk=iphoneos*]" = "iPhone Developer";
				COPY_PHASE_STRIP = NO;
				DEBUG_INFORMATION_FORMAT = "dwarf-with-dsym";
				ENABLE_NS_ASSERTIONS = NO;
				ENABLE_STRICT_OBJC_MSGSEND = YES;
				GCC_C_LANGUAGE_STANDARD = gnu99;
				GCC_NO_COMMON_BLOCKS = YES;
				GCC_WARN_64_TO_32_BIT_CONVERSION = YES;
				GCC_WARN_ABOUT_RETURN_TYPE = YES_ERROR;
				GCC_WARN_UNDECLARED_SELECTOR = YES;
				GCC_WARN_UNINITIALIZED_AUTOS = YES_AGGRESSIVE;
				GCC_WARN_UNUSED_FUNCTION = YES;
				GCC_WARN_UNUSED_VARIABLE = YES;
				IPHONEOS_DEPLOYMENT_TARGET = 9.2;
				MTL_ENABLE_DEBUG_INFO = NO;
				SDKROOT = iphoneos;
				VALIDATE_PRODUCT = YES;
			};
			name = Release;
		};
		AC134AAA1C7327FF00861023 /* Debug */ = {
			isa = XCBuildConfiguration;
			buildSettings = {
				ASSETCATALOG_COMPILER_APPICON_NAME = AppIcon;
				INFOPLIST_FILE = URLEscapes/Info.plist;
				LD_RUNPATH_SEARCH_PATHS = "$(inherited) @executable_path/Frameworks";
				PRODUCT_BUNDLE_IDENTIFIER = blocksstudio.URLEscapes;
				PRODUCT_NAME = "$(TARGET_NAME)";
			};
			name = Debug;
		};
		AC134AAB1C7327FF00861023 /* Release */ = {
			isa = XCBuildConfiguration;
			buildSettings = {
				ASSETCATALOG_COMPILER_APPICON_NAME = AppIcon;
				INFOPLIST_FILE = URLEscapes/Info.plist;
				LD_RUNPATH_SEARCH_PATHS = "$(inherited) @executable_path/Frameworks";
				PRODUCT_BUNDLE_IDENTIFIER = blocksstudio.URLEscapes;
				PRODUCT_NAME = "$(TARGET_NAME)";
			};
			name = Release;
		};
/* End XCBuildConfiguration section */

/* Begin XCConfigurationList section */
		AC134A8D1C7327FF00861023 /* Build configuration list for PBXProject "URLEscapes" */ = {
			isa = XCConfigurationList;
			buildConfigurations = (
				AC134AA71C7327FF00861023 /* Debug */,
				AC134AA81C7327FF00861023 /* Release */,
			);
			defaultConfigurationIsVisible = 0;
			defaultConfigurationName = Release;
		};
		AC134AA91C7327FF00861023 /* Build configuration list for PBXNativeTarget "URLEscapes" */ = {
			isa = XCConfigurationList;
			buildConfigurations = (
				AC134AAA1C7327FF00861023 /* Debug */,
				AC134AAB1C7327FF00861023 /* Release */,
			);
			defaultConfigurationIsVisible = 0;
		};
/* End XCConfigurationList section */
	};
	rootObject = AC134A8A1C7327FF00861023 /* Project object */;
}
